// !$*UTF8*$!
{
	archiveVersion = 1;
	classes = {
	};
	objectVersion = 52;
	objects = {

/* Begin PBXBuildFile section */
		960D899925DCBD4F003D2506 /* String+Extension.swift in Sources */ = {isa = PBXBuildFile; fileRef = 960D899825DCBD4F003D2506 /* String+Extension.swift */; };
		960D899E25DCBDB6003D2506 /* Localizable.strings in Resources */ = {isa = PBXBuildFile; fileRef = 960D89A025DCBDB6003D2506 /* Localizable.strings */; };
		960D89A925DCD050003D2506 /* ButtonStyle.swift in Sources */ = {isa = PBXBuildFile; fileRef = 960D89A825DCD050003D2506 /* ButtonStyle.swift */; };
		960D89C425DCD46A003D2506 /* QuickLoginView.swift in Sources */ = {isa = PBXBuildFile; fileRef = 960D89C325DCD46A003D2506 /* QuickLoginView.swift */; };
		96148A5E25DB6F800081F81B /* Account_SwitcherApp.swift in Sources */ = {isa = PBXBuildFile; fileRef = 96148A5D25DB6F800081F81B /* Account_SwitcherApp.swift */; };
		96148A6025DB6F800081F81B /* ContentView.swift in Sources */ = {isa = PBXBuildFile; fileRef = 96148A5F25DB6F800081F81B /* ContentView.swift */; };
		96148A6225DB6F810081F81B /* Assets.xcassets in Resources */ = {isa = PBXBuildFile; fileRef = 96148A6125DB6F810081F81B /* Assets.xcassets */; };
		96148A6525DB6F810081F81B /* Preview Assets.xcassets in Resources */ = {isa = PBXBuildFile; fileRef = 96148A6425DB6F810081F81B /* Preview Assets.xcassets */; };
		96148A7025DB6FAD0081F81B /* Defaults in Frameworks */ = {isa = PBXBuildFile; productRef = 96148A6F25DB6FAD0081F81B /* Defaults */; };
		96148A7525DB6FD80081F81B /* AddAccountView.swift in Sources */ = {isa = PBXBuildFile; fileRef = 96148A7225DB6FD80081F81B /* AddAccountView.swift */; };
		96148A7625DB6FD80081F81B /* EditAccountView.swift in Sources */ = {isa = PBXBuildFile; fileRef = 96148A7325DB6FD80081F81B /* EditAccountView.swift */; };
		96148A7725DB6FD80081F81B /* AccountListCell.swift in Sources */ = {isa = PBXBuildFile; fileRef = 96148A7425DB6FD80081F81B /* AccountListCell.swift */; };
		96148A7E25DB6FF80081F81B /* Account.swift in Sources */ = {isa = PBXBuildFile; fileRef = 96148A7C25DB6FF70081F81B /* Account.swift */; };
		96148A7F25DB6FF80081F81B /* DefaultKeys.swift in Sources */ = {isa = PBXBuildFile; fileRef = 96148A7D25DB6FF70081F81B /* DefaultKeys.swift */; };
		96148A8325DB70870081F81B /* Tools.swift in Sources */ = {isa = PBXBuildFile; fileRef = 96148A8225DB70870081F81B /* Tools.swift */; };
		96148A8825DB731E0081F81B /* PasswordListView.swift in Sources */ = {isa = PBXBuildFile; fileRef = 96148A8725DB731E0081F81B /* PasswordListView.swift */; };
		964270D625DB77AF007E05FC /* LockView.swift in Sources */ = {isa = PBXBuildFile; fileRef = 964270D525DB77AF007E05FC /* LockView.swift */; };
		964270DA25DB8B51007E05FC /* SidebarView.swift in Sources */ = {isa = PBXBuildFile; fileRef = 964270D925DB8B51007E05FC /* SidebarView.swift */; };
		964270DD25DB9577007E05FC /* SettingsView.swift in Sources */ = {isa = PBXBuildFile; fileRef = 964270DC25DB9577007E05FC /* SettingsView.swift */; };
		964270E125DB966E007E05FC /* CSV in Frameworks */ = {isa = PBXBuildFile; productRef = 964270E025DB966E007E05FC /* CSV */; };
		964270E525DB99B7007E05FC /* FilePanel+Extension.swift in Sources */ = {isa = PBXBuildFile; fileRef = 964270E425DB99B7007E05FC /* FilePanel+Extension.swift */; };
/* End PBXBuildFile section */

/* Begin PBXFileReference section */
		960D899825DCBD4F003D2506 /* String+Extension.swift */ = {isa = PBXFileReference; lastKnownFileType = sourcecode.swift; path = "String+Extension.swift"; sourceTree = "<group>"; };
		960D899F25DCBDB6003D2506 /* en */ = {isa = PBXFileReference; lastKnownFileType = text.plist.strings; name = en; path = en.lproj/Localizable.strings; sourceTree = "<group>"; };
		960D89A225DCBDB8003D2506 /* zh-Hans */ = {isa = PBXFileReference; lastKnownFileType = text.plist.strings; name = "zh-Hans"; path = "zh-Hans.lproj/Localizable.strings"; sourceTree = "<group>"; };
		960D89A825DCD050003D2506 /* ButtonStyle.swift */ = {isa = PBXFileReference; lastKnownFileType = sourcecode.swift; path = ButtonStyle.swift; sourceTree = "<group>"; };
		960D89C325DCD46A003D2506 /* QuickLoginView.swift */ = {isa = PBXFileReference; lastKnownFileType = sourcecode.swift; path = QuickLoginView.swift; sourceTree = "<group>"; };
		96148A5A25DB6F800081F81B /* Account Switcher.app */ = {isa = PBXFileReference; explicitFileType = wrapper.application; includeInIndex = 0; path = "Account Switcher.app"; sourceTree = BUILT_PRODUCTS_DIR; };
		96148A5D25DB6F800081F81B /* Account_SwitcherApp.swift */ = {isa = PBXFileReference; lastKnownFileType = sourcecode.swift; path = Account_SwitcherApp.swift; sourceTree = "<group>"; };
		96148A5F25DB6F800081F81B /* ContentView.swift */ = {isa = PBXFileReference; lastKnownFileType = sourcecode.swift; path = ContentView.swift; sourceTree = "<group>"; };
		96148A6125DB6F810081F81B /* Assets.xcassets */ = {isa = PBXFileReference; lastKnownFileType = folder.assetcatalog; path = Assets.xcassets; sourceTree = "<group>"; };
		96148A6425DB6F810081F81B /* Preview Assets.xcassets */ = {isa = PBXFileReference; lastKnownFileType = folder.assetcatalog; path = "Preview Assets.xcassets"; sourceTree = "<group>"; };
		96148A6625DB6F810081F81B /* Info.plist */ = {isa = PBXFileReference; lastKnownFileType = text.plist.xml; path = Info.plist; sourceTree = "<group>"; };
		96148A6725DB6F810081F81B /* Account_Switcher.entitlements */ = {isa = PBXFileReference; lastKnownFileType = text.plist.entitlements; path = Account_Switcher.entitlements; sourceTree = "<group>"; };
		96148A7225DB6FD80081F81B /* AddAccountView.swift */ = {isa = PBXFileReference; fileEncoding = 4; lastKnownFileType = sourcecode.swift; path = AddAccountView.swift; sourceTree = "<group>"; };
		96148A7325DB6FD80081F81B /* EditAccountView.swift */ = {isa = PBXFileReference; fileEncoding = 4; lastKnownFileType = sourcecode.swift; path = EditAccountView.swift; sourceTree = "<group>"; };
		96148A7425DB6FD80081F81B /* AccountListCell.swift */ = {isa = PBXFileReference; fileEncoding = 4; lastKnownFileType = sourcecode.swift; path = AccountListCell.swift; sourceTree = "<group>"; };
		96148A7C25DB6FF70081F81B /* Account.swift */ = {isa = PBXFileReference; fileEncoding = 4; lastKnownFileType = sourcecode.swift; path = Account.swift; sourceTree = "<group>"; };
		96148A7D25DB6FF70081F81B /* DefaultKeys.swift */ = {isa = PBXFileReference; fileEncoding = 4; lastKnownFileType = sourcecode.swift; path = DefaultKeys.swift; sourceTree = "<group>"; };
		96148A8225DB70870081F81B /* Tools.swift */ = {isa = PBXFileReference; fileEncoding = 4; lastKnownFileType = sourcecode.swift; path = Tools.swift; sourceTree = "<group>"; };
		96148A8725DB731E0081F81B /* PasswordListView.swift */ = {isa = PBXFileReference; lastKnownFileType = sourcecode.swift; path = PasswordListView.swift; sourceTree = "<group>"; };
		964270D525DB77AF007E05FC /* LockView.swift */ = {isa = PBXFileReference; lastKnownFileType = sourcecode.swift; path = LockView.swift; sourceTree = "<group>"; };
		964270D925DB8B51007E05FC /* SidebarView.swift */ = {isa = PBXFileReference; fileEncoding = 4; lastKnownFileType = sourcecode.swift; path = SidebarView.swift; sourceTree = "<group>"; };
		964270DC25DB9577007E05FC /* SettingsView.swift */ = {isa = PBXFileReference; lastKnownFileType = sourcecode.swift; path = SettingsView.swift; sourceTree = "<group>"; };
		964270E425DB99B7007E05FC /* FilePanel+Extension.swift */ = {isa = PBXFileReference; fileEncoding = 4; lastKnownFileType = sourcecode.swift; path = "FilePanel+Extension.swift"; sourceTree = "<group>"; };
/* End PBXFileReference section */

/* Begin PBXFrameworksBuildPhase section */
		96148A5725DB6F800081F81B /* Frameworks */ = {
			isa = PBXFrameworksBuildPhase;
			buildActionMask = 2147483647;
			files = (
				96148A7025DB6FAD0081F81B /* Defaults in Frameworks */,
				964270E125DB966E007E05FC /* CSV in Frameworks */,
			);
			runOnlyForDeploymentPostprocessing = 0;
		};
/* End PBXFrameworksBuildPhase section */

/* Begin PBXGroup section */
		960D89C025DCD43A003D2506 /* PasswordList */ = {
			isa = PBXGroup;
			children = (
				96148A8725DB731E0081F81B /* PasswordListView.swift */,
				96148A7425DB6FD80081F81B /* AccountListCell.swift */,
				96148A7225DB6FD80081F81B /* AddAccountView.swift */,
				96148A7325DB6FD80081F81B /* EditAccountView.swift */,
			);
			path = PasswordList;
			sourceTree = "<group>";
		};
		960D89C225DCD448003D2506 /* Settings */ = {
			isa = PBXGroup;
			children = (
				964270DC25DB9577007E05FC /* SettingsView.swift */,
			);
			path = Settings;
			sourceTree = "<group>";
		};
		96148A5125DB6F800081F81B = {
			isa = PBXGroup;
			children = (
				96148A5C25DB6F800081F81B /* Account Switcher */,
				96148A5B25DB6F800081F81B /* Products */,
			);
			sourceTree = "<group>";
		};
		96148A5B25DB6F800081F81B /* Products */ = {
			isa = PBXGroup;
			children = (
				96148A5A25DB6F800081F81B /* Account Switcher.app */,
			);
			name = Products;
			sourceTree = "<group>";
		};
		96148A5C25DB6F800081F81B /* Account Switcher */ = {
			isa = PBXGroup;
			children = (
				96148A5D25DB6F800081F81B /* Account_SwitcherApp.swift */,
				96148A7C25DB6FF70081F81B /* Account.swift */,
				96148A8225DB70870081F81B /* Tools.swift */,
				96148A7D25DB6FF70081F81B /* DefaultKeys.swift */,
				960D89A025DCBDB6003D2506 /* Localizable.strings */,
				96148A7925DB6FE60081F81B /* Views */,
				964270E725DB99C2007E05FC /* Extension */,
				96148A6125DB6F810081F81B /* Assets.xcassets */,
				96148A6625DB6F810081F81B /* Info.plist */,
				96148A6725DB6F810081F81B /* Account_Switcher.entitlements */,
				96148A6325DB6F810081F81B /* Preview Content */,
			);
			path = "Account Switcher";
			sourceTree = "<group>";
		};
		96148A6325DB6F810081F81B /* Preview Content */ = {
			isa = PBXGroup;
			children = (
				96148A6425DB6F810081F81B /* Preview Assets.xcassets */,
			);
			path = "Preview Content";
			sourceTree = "<group>";
		};
		96148A7925DB6FE60081F81B /* Views */ = {
			isa = PBXGroup;
			children = (
				960D89C025DCD43A003D2506 /* PasswordList */,
				960D89C225DCD448003D2506 /* Settings */,
				964270D525DB77AF007E05FC /* LockView.swift */,
				964270D925DB8B51007E05FC /* SidebarView.swift */,
				96148A5F25DB6F800081F81B /* ContentView.swift */,
				960D89C325DCD46A003D2506 /* QuickLoginView.swift */,
			);
			path = Views;
			sourceTree = "<group>";
		};
		964270E725DB99C2007E05FC /* Extension */ = {
			isa = PBXGroup;
			children = (
				964270E425DB99B7007E05FC /* FilePanel+Extension.swift */,
				960D899825DCBD4F003D2506 /* String+Extension.swift */,
				960D89A825DCD050003D2506 /* ButtonStyle.swift */,
			);
			path = Extension;
			sourceTree = "<group>";
		};
/* End PBXGroup section */

/* Begin PBXNativeTarget section */
		96148A5925DB6F800081F81B /* Account Switcher */ = {
			isa = PBXNativeTarget;
			buildConfigurationList = 96148A6A25DB6F810081F81B /* Build configuration list for PBXNativeTarget "Account Switcher" */;
			buildPhases = (
				96148A5625DB6F800081F81B /* Sources */,
				96148A5725DB6F800081F81B /* Frameworks */,
				96148A5825DB6F800081F81B /* Resources */,
			);
			buildRules = (
			);
			dependencies = (
			);
			name = "Account Switcher";
			packageProductDependencies = (
				96148A6F25DB6FAD0081F81B /* Defaults */,
				964270E025DB966E007E05FC /* CSV */,
			);
			productName = "Account Switcher";
			productReference = 96148A5A25DB6F800081F81B /* Account Switcher.app */;
			productType = "com.apple.product-type.application";
		};
/* End PBXNativeTarget section */

/* Begin PBXProject section */
		96148A5225DB6F800081F81B /* Project object */ = {
			isa = PBXProject;
			attributes = {
				LastSwiftUpdateCheck = 1240;
				LastUpgradeCheck = 1240;
				TargetAttributes = {
					96148A5925DB6F800081F81B = {
						CreatedOnToolsVersion = 12.4;
					};
				};
			};
			buildConfigurationList = 96148A5525DB6F800081F81B /* Build configuration list for PBXProject "Account Switcher" */;
			compatibilityVersion = "Xcode 9.3";
			developmentRegion = en;
			hasScannedForEncodings = 0;
			knownRegions = (
				en,
				Base,
				"zh-Hans",
			);
			mainGroup = 96148A5125DB6F800081F81B;
			packageReferences = (
				96148A6E25DB6FAD0081F81B /* XCRemoteSwiftPackageReference "Defaults" */,
				964270DF25DB966E007E05FC /* XCRemoteSwiftPackageReference "CSV" */,
			);
			productRefGroup = 96148A5B25DB6F800081F81B /* Products */;
			projectDirPath = "";
			projectRoot = "";
			targets = (
				96148A5925DB6F800081F81B /* Account Switcher */,
			);
		};
/* End PBXProject section */

/* Begin PBXResourcesBuildPhase section */
		96148A5825DB6F800081F81B /* Resources */ = {
			isa = PBXResourcesBuildPhase;
			buildActionMask = 2147483647;
			files = (
				96148A6525DB6F810081F81B /* Preview Assets.xcassets in Resources */,
				960D899E25DCBDB6003D2506 /* Localizable.strings in Resources */,
				96148A6225DB6F810081F81B /* Assets.xcassets in Resources */,
			);
			runOnlyForDeploymentPostprocessing = 0;
		};
/* End PBXResourcesBuildPhase section */

/* Begin PBXSourcesBuildPhase section */
		96148A5625DB6F800081F81B /* Sources */ = {
			isa = PBXSourcesBuildPhase;
			buildActionMask = 2147483647;
			files = (
				96148A7725DB6FD80081F81B /* AccountListCell.swift in Sources */,
				96148A7F25DB6FF80081F81B /* DefaultKeys.swift in Sources */,
				964270E525DB99B7007E05FC /* FilePanel+Extension.swift in Sources */,
				960D89A925DCD050003D2506 /* ButtonStyle.swift in Sources */,
				96148A6025DB6F800081F81B /* ContentView.swift in Sources */,
				964270D625DB77AF007E05FC /* LockView.swift in Sources */,
				960D89C425DCD46A003D2506 /* QuickLoginView.swift in Sources */,
				96148A8825DB731E0081F81B /* PasswordListView.swift in Sources */,
				96148A5E25DB6F800081F81B /* Account_SwitcherApp.swift in Sources */,
				96148A7625DB6FD80081F81B /* EditAccountView.swift in Sources */,
				960D899925DCBD4F003D2506 /* String+Extension.swift in Sources */,
				964270DA25DB8B51007E05FC /* SidebarView.swift in Sources */,
				96148A7525DB6FD80081F81B /* AddAccountView.swift in Sources */,
				964270DD25DB9577007E05FC /* SettingsView.swift in Sources */,
				96148A8325DB70870081F81B /* Tools.swift in Sources */,
				96148A7E25DB6FF80081F81B /* Account.swift in Sources */,
			);
			runOnlyForDeploymentPostprocessing = 0;
		};
/* End PBXSourcesBuildPhase section */

/* Begin PBXVariantGroup section */
		960D89A025DCBDB6003D2506 /* Localizable.strings */ = {
			isa = PBXVariantGroup;
			children = (
				960D899F25DCBDB6003D2506 /* en */,
				960D89A225DCBDB8003D2506 /* zh-Hans */,
			);
			name = Localizable.strings;
			sourceTree = "<group>";
		};
/* End PBXVariantGroup section */

/* Begin XCBuildConfiguration section */
		96148A6825DB6F810081F81B /* Debug */ = {
			isa = XCBuildConfiguration;
			buildSettings = {
				ALWAYS_SEARCH_USER_PATHS = NO;
				CLANG_ANALYZER_NONNULL = YES;
				CLANG_ANALYZER_NUMBER_OBJECT_CONVERSION = YES_AGGRESSIVE;
				CLANG_CXX_LANGUAGE_STANDARD = "gnu++14";
				CLANG_CXX_LIBRARY = "libc++";
				CLANG_ENABLE_MODULES = YES;
				CLANG_ENABLE_OBJC_ARC = YES;
				CLANG_ENABLE_OBJC_WEAK = YES;
				CLANG_WARN_BLOCK_CAPTURE_AUTORELEASING = YES;
				CLANG_WARN_BOOL_CONVERSION = YES;
				CLANG_WARN_COMMA = YES;
				CLANG_WARN_CONSTANT_CONVERSION = YES;
				CLANG_WARN_DEPRECATED_OBJC_IMPLEMENTATIONS = YES;
				CLANG_WARN_DIRECT_OBJC_ISA_USAGE = YES_ERROR;
				CLANG_WARN_DOCUMENTATION_COMMENTS = YES;
				CLANG_WARN_EMPTY_BODY = YES;
				CLANG_WARN_ENUM_CONVERSION = YES;
				CLANG_WARN_INFINITE_RECURSION = YES;
				CLANG_WARN_INT_CONVERSION = YES;
				CLANG_WARN_NON_LITERAL_NULL_CONVERSION = YES;
				CLANG_WARN_OBJC_IMPLICIT_RETAIN_SELF = YES;
				CLANG_WARN_OBJC_LITERAL_CONVERSION = YES;
				CLANG_WARN_OBJC_ROOT_CLASS = YES_ERROR;
				CLANG_WARN_QUOTED_INCLUDE_IN_FRAMEWORK_HEADER = YES;
				CLANG_WARN_RANGE_LOOP_ANALYSIS = YES;
				CLANG_WARN_STRICT_PROTOTYPES = YES;
				CLANG_WARN_SUSPICIOUS_MOVE = YES;
				CLANG_WARN_UNGUARDED_AVAILABILITY = YES_AGGRESSIVE;
				CLANG_WARN_UNREACHABLE_CODE = YES;
				CLANG_WARN__DUPLICATE_METHOD_MATCH = YES;
				COPY_PHASE_STRIP = NO;
				DEBUG_INFORMATION_FORMAT = dwarf;
				ENABLE_STRICT_OBJC_MSGSEND = YES;
				ENABLE_TESTABILITY = YES;
				GCC_C_LANGUAGE_STANDARD = gnu11;
				GCC_DYNAMIC_NO_PIC = NO;
				GCC_NO_COMMON_BLOCKS = YES;
				GCC_OPTIMIZATION_LEVEL = 0;
				GCC_PREPROCESSOR_DEFINITIONS = (
					"DEBUG=1",
					"$(inherited)",
				);
				GCC_WARN_64_TO_32_BIT_CONVERSION = YES;
				GCC_WARN_ABOUT_RETURN_TYPE = YES_ERROR;
				GCC_WARN_UNDECLARED_SELECTOR = YES;
				GCC_WARN_UNINITIALIZED_AUTOS = YES_AGGRESSIVE;
				GCC_WARN_UNUSED_FUNCTION = YES;
				GCC_WARN_UNUSED_VARIABLE = YES;
				MACOSX_DEPLOYMENT_TARGET = 11.0;
				MTL_ENABLE_DEBUG_INFO = INCLUDE_SOURCE;
				MTL_FAST_MATH = YES;
				ONLY_ACTIVE_ARCH = YES;
				SDKROOT = macosx;
				SWIFT_ACTIVE_COMPILATION_CONDITIONS = DEBUG;
				SWIFT_OPTIMIZATION_LEVEL = "-Onone";
			};
			name = Debug;
		};
		96148A6925DB6F810081F81B /* Release */ = {
			isa = XCBuildConfiguration;
			buildSettings = {
				ALWAYS_SEARCH_USER_PATHS = NO;
				CLANG_ANALYZER_NONNULL = YES;
				CLANG_ANALYZER_NUMBER_OBJECT_CONVERSION = YES_AGGRESSIVE;
				CLANG_CXX_LANGUAGE_STANDARD = "gnu++14";
				CLANG_CXX_LIBRARY = "libc++";
				CLANG_ENABLE_MODULES = YES;
				CLANG_ENABLE_OBJC_ARC = YES;
				CLANG_ENABLE_OBJC_WEAK = YES;
				CLANG_WARN_BLOCK_CAPTURE_AUTORELEASING = YES;
				CLANG_WARN_BOOL_CONVERSION = YES;
				CLANG_WARN_COMMA = YES;
				CLANG_WARN_CONSTANT_CONVERSION = YES;
				CLANG_WARN_DEPRECATED_OBJC_IMPLEMENTATIONS = YES;
				CLANG_WARN_DIRECT_OBJC_ISA_USAGE = YES_ERROR;
				CLANG_WARN_DOCUMENTATION_COMMENTS = YES;
				CLANG_WARN_EMPTY_BODY = YES;
				CLANG_WARN_ENUM_CONVERSION = YES;
				CLANG_WARN_INFINITE_RECURSION = YES;
				CLANG_WARN_INT_CONVERSION = YES;
				CLANG_WARN_NON_LITERAL_NULL_CONVERSION = YES;
				CLANG_WARN_OBJC_IMPLICIT_RETAIN_SELF = YES;
				CLANG_WARN_OBJC_LITERAL_CONVERSION = YES;
				CLANG_WARN_OBJC_ROOT_CLASS = YES_ERROR;
				CLANG_WARN_QUOTED_INCLUDE_IN_FRAMEWORK_HEADER = YES;
				CLANG_WARN_RANGE_LOOP_ANALYSIS = YES;
				CLANG_WARN_STRICT_PROTOTYPES = YES;
				CLANG_WARN_SUSPICIOUS_MOVE = YES;
				CLANG_WARN_UNGUARDED_AVAILABILITY = YES_AGGRESSIVE;
				CLANG_WARN_UNREACHABLE_CODE = YES;
				CLANG_WARN__DUPLICATE_METHOD_MATCH = YES;
				COPY_PHASE_STRIP = NO;
				DEBUG_INFORMATION_FORMAT = "dwarf-with-dsym";
				ENABLE_NS_ASSERTIONS = NO;
				ENABLE_STRICT_OBJC_MSGSEND = YES;
				GCC_C_LANGUAGE_STANDARD = gnu11;
				GCC_NO_COMMON_BLOCKS = YES;
				GCC_WARN_64_TO_32_BIT_CONVERSION = YES;
				GCC_WARN_ABOUT_RETURN_TYPE = YES_ERROR;
				GCC_WARN_UNDECLARED_SELECTOR = YES;
				GCC_WARN_UNINITIALIZED_AUTOS = YES_AGGRESSIVE;
				GCC_WARN_UNUSED_FUNCTION = YES;
				GCC_WARN_UNUSED_VARIABLE = YES;
				MACOSX_DEPLOYMENT_TARGET = 11.0;
				MTL_ENABLE_DEBUG_INFO = NO;
				MTL_FAST_MATH = YES;
				SDKROOT = macosx;
				SWIFT_COMPILATION_MODE = wholemodule;
				SWIFT_OPTIMIZATION_LEVEL = "-O";
			};
			name = Release;
		};
		96148A6B25DB6F810081F81B /* Debug */ = {
			isa = XCBuildConfiguration;
			buildSettings = {
				ASSETCATALOG_COMPILER_APPICON_NAME = AppIcon;
				ASSETCATALOG_COMPILER_GLOBAL_ACCENT_COLOR_NAME = AccentColor;
				CODE_SIGN_ENTITLEMENTS = "Account Switcher/Account_Switcher.entitlements";
				CODE_SIGN_STYLE = Automatic;
				COMBINE_HIDPI_IMAGES = YES;
				CURRENT_PROJECT_VERSION = 10;
				DEVELOPMENT_ASSET_PATHS = "\"Account Switcher/Preview Content\"";
				DEVELOPMENT_TEAM = 2U23P5CPX2;
				ENABLE_HARDENED_RUNTIME = YES;
				ENABLE_PREVIEWS = YES;
				INFOPLIST_FILE = "Account Switcher/Info.plist";
				LD_RUNPATH_SEARCH_PATHS = (
					"$(inherited)",
					"@executable_path/../Frameworks",
				);
				MACOSX_DEPLOYMENT_TARGET = 11.0;
				MARKETING_VERSION = 1.1.1;
				PRODUCT_BUNDLE_IDENTIFIER = "com.licardo.Account-Switcher";
				PRODUCT_NAME = "$(TARGET_NAME)";
				SWIFT_VERSION = 5.0;
			};
			name = Debug;
		};
		96148A6C25DB6F810081F81B /* Release */ = {
			isa = XCBuildConfiguration;
			buildSettings = {
				ASSETCATALOG_COMPILER_APPICON_NAME = AppIcon;
				ASSETCATALOG_COMPILER_GLOBAL_ACCENT_COLOR_NAME = AccentColor;
				CODE_SIGN_ENTITLEMENTS = "Account Switcher/Account_Switcher.entitlements";
				CODE_SIGN_STYLE = Automatic;
				COMBINE_HIDPI_IMAGES = YES;
				CURRENT_PROJECT_VERSION = 10;
				DEVELOPMENT_ASSET_PATHS = "\"Account Switcher/Preview Content\"";
				DEVELOPMENT_TEAM = 2U23P5CPX2;
				ENABLE_HARDENED_RUNTIME = YES;
				ENABLE_PREVIEWS = YES;
				INFOPLIST_FILE = "Account Switcher/Info.plist";
				LD_RUNPATH_SEARCH_PATHS = (
					"$(inherited)",
					"@executable_path/../Frameworks",
				);
				MACOSX_DEPLOYMENT_TARGET = 11.0;
				MARKETING_VERSION = 1.1.1;
				PRODUCT_BUNDLE_IDENTIFIER = "com.licardo.Account-Switcher";
				PRODUCT_NAME = "$(TARGET_NAME)";
				SWIFT_VERSION = 5.0;
			};
			name = Release;
		};
/* End XCBuildConfiguration section */

/* Begin XCConfigurationList section */
		96148A5525DB6F800081F81B /* Build configuration list for PBXProject "Account Switcher" */ = {
			isa = XCConfigurationList;
			buildConfigurations = (
				96148A6825DB6F810081F81B /* Debug */,
				96148A6925DB6F810081F81B /* Release */,
			);
			defaultConfigurationIsVisible = 0;
			defaultConfigurationName = Release;
		};
		96148A6A25DB6F810081F81B /* Build configuration list for PBXNativeTarget "Account Switcher" */ = {
			isa = XCConfigurationList;
			buildConfigurations = (
				96148A6B25DB6F810081F81B /* Debug */,
				96148A6C25DB6F810081F81B /* Release */,
			);
			defaultConfigurationIsVisible = 0;
			defaultConfigurationName = Release;
		};
/* End XCConfigurationList section */

/* Begin XCRemoteSwiftPackageReference section */
		96148A6E25DB6FAD0081F81B /* XCRemoteSwiftPackageReference "Defaults" */ = {
			isa = XCRemoteSwiftPackageReference;
			repositoryURL = "https://github.com/sindresorhus/Defaults";
			requirement = {
				kind = upToNextMajorVersion;
				minimumVersion = 4.1.0;
			};
		};
		964270DF25DB966E007E05FC /* XCRemoteSwiftPackageReference "CSV" */ = {
			isa = XCRemoteSwiftPackageReference;
			repositoryURL = "https://github.com/yaslab/CSV.swift";
			requirement = {
				kind = upToNextMajorVersion;
				minimumVersion = 2.4.3;
			};
		};
/* End XCRemoteSwiftPackageReference section */

/* Begin XCSwiftPackageProductDependency section */
		96148A6F25DB6FAD0081F81B /* Defaults */ = {
			isa = XCSwiftPackageProductDependency;
			package = 96148A6E25DB6FAD0081F81B /* XCRemoteSwiftPackageReference "Defaults" */;
			productName = Defaults;
		};
		964270E025DB966E007E05FC /* CSV */ = {
			isa = XCSwiftPackageProductDependency;
			package = 964270DF25DB966E007E05FC /* XCRemoteSwiftPackageReference "CSV" */;
			productName = CSV;
		};
/* End XCSwiftPackageProductDependency section */
	};
	rootObject = 96148A5225DB6F800081F81B /* Project object */;
}
