{
  "object": {
    "pins": [
      {
        "package": "CSV.swift",
        "repositoryURL": "https://github.com/yaslab/CSV.swift",
        "state": {
          "branch": null,
          "revision": "81d2874c51db364d7e1d71b0d99018a294c87ac1",
          "version": "2.4.3"
        }
      },
      {
        "package": "Defaults",
        "repositoryURL": "https://github.com/sindresorhus/Defaults",
        "state": {
          "branch": null,
          "revision": "6546b8ec22e97615e7ac91fb0059956978a8c38e",
          "version": "4.2.0"
        }
      }
    ]
  },
  "version": 1
}
